Microsoft Visual Studio Solution File, Format Version 12.00
# Visual Studio 15
VisualStudioVersion = 15.0.27130.2020
MinimumVisualStudioVersion = 10.0.40219.1
Project("{FAE04EC0-301F-11D3-BF4B-00C04F79EFBC}") = "Doom2D", "Doom2D\Doom2D.csproj", "{df8a4a78-10f5-11e9-ab14-d663bd873d93}"
EndProject
Project("{FAE04EC0-301F-11D3-BF4B-00C04F79EFBC}") = "Doom2D.Data", "Doom2D.Data\Doom2D.Data.csproj", "{0c098398-10f6-11e9-ab14-d663bd873d93}"
EndProject
Project("{FAE04EC0-301F-11D3-BF4B-00C04F79EFBC}") = "Doom2D.DataAccess", "Doom2D.DataAccess\Doom2D.DataAccess.csproj", "{1e96343e-10f6-11e9-ab14-d663bd873d93}"
EndProject
Project("{FAE04EC0-301F-11D3-BF4B-00C04F79EFBC}") = "Doom2D.GameLogic", "Doom2D.GameLogic\Doom2D.GameLogic.csproj", "{3495c150-10f6-11e9-ab14-d663bd873d93}"
EndProject
Project("{FAE04EC0-301F-11D3-BF4B-00C04F79EFBC}") = "Doom2D.Gui", "Doom2D.Gui\Doom2D.Gui.csproj", "{4bbc1bfe-10f6-11e9-ab14-d663bd873d93}"
EndProject
Project("{FAE04EC0-301F-11D3-BF4B-00C04F79EFBC}") = "Doom2D.Models", "Doom2D.Models\Doom2D.Models.csproj", "{5bfb5278-10f6-11e9-ab14-d663bd873d93}"
EndProject
Project("{FAE04EC0-301F-11D3-BF4B-00C04F79EFBC}") = "Doom2D.Settings", "Doom2D.Settings\Doom2D.Settings.csproj", "{71f2f2a2-10f6-11e9-ab14-d663bd873d93}"
EndProject
Global
	GlobalSection(SolutionConfigurationPlatforms) = preSolution
		Debug|Any CPU = Debug|Any CPU
		Debug|x86 = Debug|x86
		Release|Any CPU = Release|Any CPU
		Release|x86 = Release|x86
	EndGlobalSection
	GlobalSection(ProjectConfigurationPlatforms) = postSolution
		{df8a4a78-10f5-11e9-ab14-d663bd873d93}.Debug|Any CPU.ActiveCfg = Debug|x86
		{df8a4a78-10f5-11e9-ab14-d663bd873d93}.Debug|x86.ActiveCfg = Debug|x86
		{df8a4a78-10f5-11e9-ab14-d663bd873d93}.Debug|x86.Build.0 = Debug|x86
		{df8a4a78-10f5-11e9-ab14-d663bd873d93}.Release|Any CPU.ActiveCfg = Release|x86
		{df8a4a78-10f5-11e9-ab14-d663bd873d93}.Release|x86.ActiveCfg = Release|x86
		{df8a4a78-10f5-11e9-ab14-d663bd873d93}.Release|x86.Build.0 = Release|x86
		{df8a4a78-10f5-11e9-ab14-d663bd873d93}.Debug|Any CPU.Build.0 = Debug|x86
		{0c098398-10f6-11e9-ab14-d663bd873d93}.Debug|Any CPU.ActiveCfg = Debug|x86
		{0c098398-10f6-11e9-ab14-d663bd873d93}.Debug|x86.ActiveCfg = Debug|x86
		{0c098398-10f6-11e9-ab14-d663bd873d93}.Debug|x86.Build.0 = Debug|x86
		{0c098398-10f6-11e9-ab14-d663bd873d93}.Release|Any CPU.ActiveCfg = Release|x86
		{0c098398-10f6-11e9-ab14-d663bd873d93}.Release|x86.ActiveCfg = Release|x86
		{0c098398-10f6-11e9-ab14-d663bd873d93}.Release|x86.Build.0 = Release|x86
		{0c098398-10f6-11e9-ab14-d663bd873d93}.Debug|Any CPU.Build.0 = Debug|x86
		{1e96343e-10f6-11e9-ab14-d663bd873d93}.Debug|Any CPU.ActiveCfg = Debug|Any CPU
		{1e96343e-10f6-11e9-ab14-d663bd873d93}.Debug|Any CPU.Build.0 = Debug|Any CPU
		{1e96343e-10f6-11e9-ab14-d663bd873d93}.Debug|x86.ActiveCfg = Debug|Any CPU
		{1e96343e-10f6-11e9-ab14-d663bd873d93}.Debug|x86.Build.0 = Debug|Any CPU
		{1e96343e-10f6-11e9-ab14-d663bd873d93}.Release|Any CPU.ActiveCfg = Release|Any CPU
		{1e96343e-10f6-11e9-ab14-d663bd873d93}.Release|Any CPU.Build.0 = Release|Any CPU
		{1e96343e-10f6-11e9-ab14-d663bd873d93}.Release|x86.ActiveCfg = Release|Any CPU
		{1e96343e-10f6-11e9-ab14-d663bd873d93}.Release|x86.Build.0 = Release|Any CPU
		{3495c150-10f6-11e9-ab14-d663bd873d93}.Debug|Any CPU.ActiveCfg = Debug|Any CPU
		{3495c150-10f6-11e9-ab14-d663bd873d93}.Debug|Any CPU.Build.0 = Debug|Any CPU
		{3495c150-10f6-11e9-ab14-d663bd873d93}.Debug|x86.ActiveCfg = Debug|Any CPU
		{3495c150-10f6-11e9-ab14-d663bd873d93}.Debug|x86.Build.0 = Debug|Any CPU
		{3495c150-10f6-11e9-ab14-d663bd873d93}.Release|Any CPU.ActiveCfg = Release|Any CPU
		{3495c150-10f6-11e9-ab14-d663bd873d93}.Release|Any CPU.Build.0 = Release|Any CPU
		{3495c150-10f6-11e9-ab14-d663bd873d93}.Release|x86.ActiveCfg = Release|Any CPU
		{3495c150-10f6-11e9-ab14-d663bd873d93}.Release|x86.Build.0 = Release|Any CPU
		{4bbc1bfe-10f6-11e9-ab14-d663bd873d93}.Debug|Any CPU.ActiveCfg = Debug|Any CPU
		{4bbc1bfe-10f6-11e9-ab14-d663bd873d93}.Debug|Any CPU.Build.0 = Debug|Any CPU
		{4bbc1bfe-10f6-11e9-ab14-d663bd873d93}.Debug|x86.ActiveCfg = Debug|Any CPU
		{4bbc1bfe-10f6-11e9-ab14-d663bd873d93}.Debug|x86.Build.0 = Debug|Any CPU
		{4bbc1bfe-10f6-11e9-ab14-d663bd873d93}.Release|Any CPU.ActiveCfg = Release|Any CPU
		{4bbc1bfe-10f6-11e9-ab14-d663bd873d93}.Release|Any CPU.Build.0 = Release|Any CPU
		{4bbc1bfe-10f6-11e9-ab14-d663bd873d93}.Release|x86.ActiveCfg = Release|Any CPU
		{4bbc1bfe-10f6-11e9-ab14-d663bd873d93}.Release|x86.Build.0 = Release|Any CPU
		{5bfb5278-10f6-11e9-ab14-d663bd873d93}.Debug|Any CPU.ActiveCfg = Debug|Any CPU
		{5bfb5278-10f6-11e9-ab14-d663bd873d93}.Debug|Any CPU.Build.0 = Debug|Any CPU
		{5bfb5278-10f6-11e9-ab14-d663bd873d93}.Debug|x86.ActiveCfg = Debug|Any CPU
		{5bfb5278-10f6-11e9-ab14-d663bd873d93}.Debug|x86.Build.0 = Debug|Any CPU
		{5bfb5278-10f6-11e9-ab14-d663bd873d93}.Release|Any CPU.ActiveCfg = Release|Any CPU
		{5bfb5278-10f6-11e9-ab14-d663bd873d93}.Release|Any CPU.Build.0 = Release|Any CPU
		{5bfb5278-10f6-11e9-ab14-d663bd873d93}.Release|x86.ActiveCfg = Release|Any CPU
		{5bfb5278-10f6-11e9-ab14-d663bd873d93}.Release|x86.Build.0 = Release|Any CPU
		{71f2f2a2-10f6-11e9-ab14-d663bd873d93}.Debug|Any CPU.ActiveCfg = Debug|Any CPU
		{71f2f2a2-10f6-11e9-ab14-d663bd873d93}.Debug|Any CPU.Build.0 = Debug|Any CPU
		{71f2f2a2-10f6-11e9-ab14-d663bd873d93}.Debug|x86.ActiveCfg = Debug|Any CPU
		{71f2f2a2-10f6-11e9-ab14-d663bd873d93}.Debug|x86.Build.0 = Debug|Any CPU
		{71f2f2a2-10f6-11e9-ab14-d663bd873d93}.Release|Any CPU.ActiveCfg = Release|Any CPU
		{71f2f2a2-10f6-11e9-ab14-d663bd873d93}.Release|Any CPU.Build.0 = Release|Any CPU
		{71f2f2a2-10f6-11e9-ab14-d663bd873d93}.Release|x86.ActiveCfg = Release|Any CPU
		{71f2f2a2-10f6-11e9-ab14-d663bd873d93}.Release|x86.Build.0 = Release|Any CPU
	EndGlobalSection
	GlobalSection(SolutionProperties) = preSolution
		HideSolutionNode = FALSE
	EndGlobalSection
	GlobalSection(ExtensibilityGlobals) = postSolution
		SolutionGuid = {B08A769A-32A6-48C2-8C5A-ABAFE16DD316}
	EndGlobalSection
EndGlobal
